
Microsoft Visual Studio Solution File, Format Version 12.00
# Visual Studio Version 17
VisualStudioVersion = 17.5.33414.496
MinimumVisualStudioVersion = 10.0.40219.1
Project("{FAE04EC0-301F-11D3-BF4B-00C04F79EFBC}") = "Wifi.Domain", "Wifi.Domain\Wifi.Domain.csproj", "{B3D322BA-73FF-4AD2-BF43-C5222E0A0F32}"
EndProject
Project("{FAE04EC0-301F-11D3-BF4B-00C04F79EFBC}") = "Wifi.Infrastructure", "Wifi.Infrastructure\Wifi.Infrastructure.csproj", "{CCD0D625-EE73-4D91-AAEF-E51615021733}"
EndProject
Project("{FAE04EC0-301F-11D3-BF4B-00C04F79EFBC}") = "WifiNFC.Api", "WifiNFC.Api\WifiNFC.Api.csproj", "{F4922F80-DE8F-4C8B-AB85-63DC831679A7}"
EndProject
Global
	GlobalSection(SolutionConfigurationPlatforms) = preSolution
		Debug|Any CPU = Debug|Any CPU
		Release|Any CPU = Release|Any CPU
	EndGlobalSection
	GlobalSection(ProjectConfigurationPlatforms) = postSolution
		{B3D322BA-73FF-4AD2-BF43-C5222E0A0F32}.Debug|Any CPU.ActiveCfg = Debug|Any CPU
		{B3D322BA-73FF-4AD2-BF43-C5222E0A0F32}.Debug|Any CPU.Build.0 = Debug|Any CPU
		{B3D322BA-73FF-4AD2-BF43-C5222E0A0F32}.Release|Any CPU.ActiveCfg = Release|Any CPU
		{B3D322BA-73FF-4AD2-BF43-C5222E0A0F32}.Release|Any CPU.Build.0 = Release|Any CPU
		{CCD0D625-EE73-4D91-AAEF-E51615021733}.Debug|Any CPU.ActiveCfg = Debug|Any CPU
		{CCD0D625-EE73-4D91-AAEF-E51615021733}.Debug|Any CPU.Build.0 = Debug|Any CPU
		{CCD0D625-EE73-4D91-AAEF-E51615021733}.Release|Any CPU.ActiveCfg = Release|Any CPU
		{CCD0D625-EE73-4D91-AAEF-E51615021733}.Release|Any CPU.Build.0 = Release|Any CPU
		{F4922F80-DE8F-4C8B-AB85-63DC831679A7}.Debug|Any CPU.ActiveCfg = Debug|Any CPU
		{F4922F80-DE8F-4C8B-AB85-63DC831679A7}.Debug|Any CPU.Build.0 = Debug|Any CPU
		{F4922F80-DE8F-4C8B-AB85-63DC831679A7}.Release|Any CPU.ActiveCfg = Release|Any CPU
		{F4922F80-DE8F-4C8B-AB85-63DC831679A7}.Release|Any CPU.Build.0 = Release|Any CPU
	EndGlobalSection
	GlobalSection(SolutionProperties) = preSolution
		HideSolutionNode = FALSE
	EndGlobalSection
	GlobalSection(ExtensibilityGlobals) = postSolution
		SolutionGuid = {20AE2690-5F69-4D33-A942-9DB1C594114C}
	EndGlobalSection
EndGlobal
